// !$*UTF8*$!
{
	archiveVersion = 1;
	classes = {
	};
	objectVersion = 50;
	objects = {

/* Begin PBXBuildFile section */
		514BBD0626B3E69A003F0117 /* AppDelegate.swift in Sources */ = {isa = PBXBuildFile; fileRef = 514BBD0526B3E69A003F0117 /* AppDelegate.swift */; };
		514BBD0826B3E69A003F0117 /* SceneDelegate.swift in Sources */ = {isa = PBXBuildFile; fileRef = 514BBD0726B3E69A003F0117 /* SceneDelegate.swift */; };
		514BBD0A26B3E69A003F0117 /* ViewController.swift in Sources */ = {isa = PBXBuildFile; fileRef = 514BBD0926B3E69A003F0117 /* ViewController.swift */; };
		514BBD0D26B3E69A003F0117 /* Main.storyboard in Resources */ = {isa = PBXBuildFile; fileRef = 514BBD0B26B3E69A003F0117 /* Main.storyboard */; };
		514BBD0F26B3E69C003F0117 /* Assets.xcassets in Resources */ = {isa = PBXBuildFile; fileRef = 514BBD0E26B3E69C003F0117 /* Assets.xcassets */; };
		514BBD1226B3E69C003F0117 /* LaunchScreen.storyboard in Resources */ = {isa = PBXBuildFile; fileRef = 514BBD1026B3E69C003F0117 /* LaunchScreen.storyboard */; };
		514BBD1D26B3E69C003F0117 /* MyFirstAppTests.swift in Sources */ = {isa = PBXBuildFile; fileRef = 514BBD1C26B3E69C003F0117 /* MyFirstAppTests.swift */; };
		514BBD2826B3E69D003F0117 /* MyFirstAppUITests.swift in Sources */ = {isa = PBXBuildFile; fileRef = 514BBD2726B3E69D003F0117 /* MyFirstAppUITests.swift */; };
/* End PBXBuildFile section */

/* Begin PBXContainerItemProxy section */
		514BBD1926B3E69C003F0117 /* PBXContainerItemProxy */ = {
			isa = PBXContainerItemProxy;
			containerPortal = 514BBCFA26B3E69A003F0117 /* Project object */;
			proxyType = 1;
			remoteGlobalIDString = 514BBD0126B3E69A003F0117;
			remoteInfo = MyFirstApp;
		};
		514BBD2426B3E69D003F0117 /* PBXContainerItemProxy */ = {
			isa = PBXContainerItemProxy;
			containerPortal = 514BBCFA26B3E69A003F0117 /* Project object */;
			proxyType = 1;
			remoteGlobalIDString = 514BBD0126B3E69A003F0117;
			remoteInfo = MyFirstApp;
		};
/* End PBXContainerItemProxy section */

/* Begin PBXFileReference section */
		514BBD0226B3E69A003F0117 /* MyFirstApp.app */ = {isa = PBXFileReference; explicitFileType = wrapper.application; includeInIndex = 0; path = MyFirstApp.app; sourceTree = BUILT_PRODUCTS_DIR; };
		514BBD0526B3E69A003F0117 /* AppDelegate.swift */ = {isa = PBXFileReference; lastKnownFileType = sourcecode.swift; path = AppDelegate.swift; sourceTree = "<group>"; };
		514BBD0726B3E69A003F0117 /* SceneDelegate.swift */ = {isa = PBXFileReference; lastKnownFileType = sourcecode.swift; path = SceneDelegate.swift; sourceTree = "<group>"; };
		514BBD0926B3E69A003F0117 /* ViewController.swift */ = {isa = PBXFileReference; lastKnownFileType = sourcecode.swift; path = ViewController.swift; sourceTree = "<group>"; };
		514BBD0C26B3E69A003F0117 /* Base */ = {isa = PBXFileReference; lastKnownFileType = file.storyboard; name = Base; path = Base.lproj/Main.storyboard; sourceTree = "<group>"; };
		514BBD0E26B3E69C003F0117 /* Assets.xcassets */ = {isa = PBXFileReference; lastKnownFileType = folder.assetcatalog; path = Assets.xcassets; sourceTree = "<group>"; };
		514BBD1126B3E69C003F0117 /* Base */ = {isa = PBXFileReference; lastKnownFileType = file.storyboard; name = Base; path = Base.lproj/LaunchScreen.storyboard; sourceTree = "<group>"; };
		514BBD1326B3E69C003F0117 /* Info.plist */ = {isa = PBXFileReference; lastKnownFileType = text.plist.xml; path = Info.plist; sourceTree = "<group>"; };
		514BBD1826B3E69C003F0117 /* MyFirstAppTests.xctest */ = {isa = PBXFileReference; explicitFileType = wrapper.cfbundle; includeInIndex = 0; path = MyFirstAppTests.xctest; sourceTree = BUILT_PRODUCTS_DIR; };
		514BBD1C26B3E69C003F0117 /* MyFirstAppTests.swift */ = {isa = PBXFileReference; lastKnownFileType = sourcecode.swift; path = MyFirstAppTests.swift; sourceTree = "<group>"; };
		514BBD1E26B3E69C003F0117 /* Info.plist */ = {isa = PBXFileReference; lastKnownFileType = text.plist.xml; path = Info.plist; sourceTree = "<group>"; };
		514BBD2326B3E69D003F0117 /* MyFirstAppUITests.xctest */ = {isa = PBXFileReference; explicitFileType = wrapper.cfbundle; includeInIndex = 0; path = MyFirstAppUITests.xctest; sourceTree = BUILT_PRODUCTS_DIR; };
		514BBD2726B3E69D003F0117 /* MyFirstAppUITests.swift */ = {isa = PBXFileReference; lastKnownFileType = sourcecode.swift; path = MyFirstAppUITests.swift; sourceTree = "<group>"; };
		514BBD2926B3E69D003F0117 /* Info.plist */ = {isa = PBXFileReference; lastKnownFileType = text.plist.xml; path = Info.plist; sourceTree = "<group>"; };
/* End PBXFileReference section */

/* Begin PBXFrameworksBuildPhase section */
		514BBCFF26B3E69A003F0117 /* Frameworks */ = {
			isa = PBXFrameworksBuildPhase;
			buildActionMask = 2147483647;
			files = (
			);
			runOnlyForDeploymentPostprocessing = 0;
		};
		514BBD1526B3E69C003F0117 /* Frameworks */ = {
			isa = PBXFrameworksBuildPhase;
			buildActionMask = 2147483647;
			files = (
			);
			runOnlyForDeploymentPostprocessing = 0;
		};
		514BBD2026B3E69D003F0117 /* Frameworks */ = {
			isa = PBXFrameworksBuildPhase;
			buildActionMask = 2147483647;
			files = (
			);
			runOnlyForDeploymentPostprocessing = 0;
		};
/* End PBXFrameworksBuildPhase section */

/* Begin PBXGroup section */
		514BBCF926B3E69A003F0117 = {
			isa = PBXGroup;
			children = (
				514BBD0426B3E69A003F0117 /* MyFirstApp */,
				514BBD1B26B3E69C003F0117 /* MyFirstAppTests */,
				514BBD2626B3E69D003F0117 /* MyFirstAppUITests */,
				514BBD0326B3E69A003F0117 /* Products */,
			);
			sourceTree = "<group>";
		};
		514BBD0326B3E69A003F0117 /* Products */ = {
			isa = PBXGroup;
			children = (
				514BBD0226B3E69A003F0117 /* MyFirstApp.app */,
				514BBD1826B3E69C003F0117 /* MyFirstAppTests.xctest */,
				514BBD2326B3E69D003F0117 /* MyFirstAppUITests.xctest */,
			);
			name = Products;
			sourceTree = "<group>";
		};
		514BBD0426B3E69A003F0117 /* MyFirstApp */ = {
			isa = PBXGroup;
			children = (
				514BBD0526B3E69A003F0117 /* AppDelegate.swift */,
				514BBD0726B3E69A003F0117 /* SceneDelegate.swift */,
				514BBD0926B3E69A003F0117 /* ViewController.swift */,
				514BBD0B26B3E69A003F0117 /* Main.storyboard */,
				514BBD0E26B3E69C003F0117 /* Assets.xcassets */,
				514BBD1026B3E69C003F0117 /* LaunchScreen.storyboard */,
				514BBD1326B3E69C003F0117 /* Info.plist */,
			);
			path = MyFirstApp;
			sourceTree = "<group>";
		};
		514BBD1B26B3E69C003F0117 /* MyFirstAppTests */ = {
			isa = PBXGroup;
			children = (
				514BBD1C26B3E69C003F0117 /* MyFirstAppTests.swift */,
				514BBD1E26B3E69C003F0117 /* Info.plist */,
			);
			path = MyFirstAppTests;
			sourceTree = "<group>";
		};
		514BBD2626B3E69D003F0117 /* MyFirstAppUITests */ = {
			isa = PBXGroup;
			children = (
				514BBD2726B3E69D003F0117 /* MyFirstAppUITests.swift */,
				514BBD2926B3E69D003F0117 /* Info.plist */,
			);
			path = MyFirstAppUITests;
			sourceTree = "<group>";
		};
/* End PBXGroup section */

/* Begin PBXNativeTarget section */
		514BBD0126B3E69A003F0117 /* MyFirstApp */ = {
			isa = PBXNativeTarget;
			buildConfigurationList = 514BBD2C26B3E69D003F0117 /* Build configuration list for PBXNativeTarget "MyFirstApp" */;
			buildPhases = (
				514BBCFE26B3E69A003F0117 /* Sources */,
				514BBCFF26B3E69A003F0117 /* Frameworks */,
				514BBD0026B3E69A003F0117 /* Resources */,
			);
			buildRules = (
			);
			dependencies = (
			);
			name = MyFirstApp;
			productName = MyFirstApp;
			productReference = 514BBD0226B3E69A003F0117 /* MyFirstApp.app */;
			productType = "com.apple.product-type.application";
		};
		514BBD1726B3E69C003F0117 /* MyFirstAppTests */ = {
			isa = PBXNativeTarget;
			buildConfigurationList = 514BBD2F26B3E69D003F0117 /* Build configuration list for PBXNativeTarget "MyFirstAppTests" */;
			buildPhases = (
				514BBD1426B3E69C003F0117 /* Sources */,
				514BBD1526B3E69C003F0117 /* Frameworks */,
				514BBD1626B3E69C003F0117 /* Resources */,
			);
			buildRules = (
			);
			dependencies = (
				514BBD1A26B3E69C003F0117 /* PBXTargetDependency */,
			);
			name = MyFirstAppTests;
			productName = MyFirstAppTests;
			productReference = 514BBD1826B3E69C003F0117 /* MyFirstAppTests.xctest */;
			productType = "com.apple.product-type.bundle.unit-test";
		};
		514BBD2226B3E69D003F0117 /* MyFirstAppUITests */ = {
			isa = PBXNativeTarget;
			buildConfigurationList = 514BBD3226B3E69D003F0117 /* Build configuration list for PBXNativeTarget "MyFirstAppUITests" */;
			buildPhases = (
				514BBD1F26B3E69D003F0117 /* Sources */,
				514BBD2026B3E69D003F0117 /* Frameworks */,
				514BBD2126B3E69D003F0117 /* Resources */,
			);
			buildRules = (
			);
			dependencies = (
				514BBD2526B3E69D003F0117 /* PBXTargetDependency */,
			);
			name = MyFirstAppUITests;
			productName = MyFirstAppUITests;
			productReference = 514BBD2326B3E69D003F0117 /* MyFirstAppUITests.xctest */;
			productType = "com.apple.product-type.bundle.ui-testing";
		};
/* End PBXNativeTarget section */

/* Begin PBXProject section */
		514BBCFA26B3E69A003F0117 /* Project object */ = {
			isa = PBXProject;
			attributes = {
				LastSwiftUpdateCheck = 1250;
				LastUpgradeCheck = 1250;
				TargetAttributes = {
					514BBD0126B3E69A003F0117 = {
						CreatedOnToolsVersion = 12.5.1;
					};
					514BBD1726B3E69C003F0117 = {
						CreatedOnToolsVersion = 12.5.1;
						TestTargetID = 514BBD0126B3E69A003F0117;
					};
					514BBD2226B3E69D003F0117 = {
						CreatedOnToolsVersion = 12.5.1;
						TestTargetID = 514BBD0126B3E69A003F0117;
					};
				};
			};
			buildConfigurationList = 514BBCFD26B3E69A003F0117 /* Build configuration list for PBXProject "MyFirstApp" */;
			compatibilityVersion = "Xcode 9.3";
			developmentRegion = en;
			hasScannedForEncodings = 0;
			knownRegions = (
				en,
				Base,
			);
			mainGroup = 514BBCF926B3E69A003F0117;
			productRefGroup = 514BBD0326B3E69A003F0117 /* Products */;
			projectDirPath = "";
			projectRoot = "";
			targets = (
				514BBD0126B3E69A003F0117 /* MyFirstApp */,
				514BBD1726B3E69C003F0117 /* MyFirstAppTests */,
				514BBD2226B3E69D003F0117 /* MyFirstAppUITests */,
			);
		};
/* End PBXProject section */

/* Begin PBXResourcesBuildPhase section */
		514BBD0026B3E69A003F0117 /* Resources */ = {
			isa = PBXResourcesBuildPhase;
			buildActionMask = 2147483647;
			files = (
				514BBD1226B3E69C003F0117 /* LaunchScreen.storyboard in Resources */,
				514BBD0F26B3E69C003F0117 /* Assets.xcassets in Resources */,
				514BBD0D26B3E69A003F0117 /* Main.storyboard in Resources */,
			);
			runOnlyForDeploymentPostprocessing = 0;
		};
		514BBD1626B3E69C003F0117 /* Resources */ = {
			isa = PBXResourcesBuildPhase;
			buildActionMask = 2147483647;
			files = (
			);
			runOnlyForDeploymentPostprocessing = 0;
		};
		514BBD2126B3E69D003F0117 /* Resources */ = {
			isa = PBXResourcesBuildPhase;
			buildActionMask = 2147483647;
			files = (
			);
			runOnlyForDeploymentPostprocessing = 0;
		};
/* End PBXResourcesBuildPhase section */

/* Begin PBXSourcesBuildPhase section */
		514BBCFE26B3E69A003F0117 /* Sources */ = {
			isa = PBXSourcesBuildPhase;
			buildActionMask = 2147483647;
			files = (
				514BBD0A26B3E69A003F0117 /* ViewController.swift in Sources */,
				514BBD0626B3E69A003F0117 /* AppDelegate.swift in Sources */,
				514BBD0826B3E69A003F0117 /* SceneDelegate.swift in Sources */,
			);
			runOnlyForDeploymentPostprocessing = 0;
		};
		514BBD1426B3E69C003F0117 /* Sources */ = {
			isa = PBXSourcesBuildPhase;
			buildActionMask = 2147483647;
			files = (
				514BBD1D26B3E69C003F0117 /* MyFirstAppTests.swift in Sources */,
			);
			runOnlyForDeploymentPostprocessing = 0;
		};
		514BBD1F26B3E69D003F0117 /* Sources */ = {
			isa = PBXSourcesBuildPhase;
			buildActionMask = 2147483647;
			files = (
				514BBD2826B3E69D003F0117 /* MyFirstAppUITests.swift in Sources */,
			);
			runOnlyForDeploymentPostprocessing = 0;
		};
/* End PBXSourcesBuildPhase section */

/* Begin PBXTargetDependency section */
		514BBD1A26B3E69C003F0117 /* PBXTargetDependency */ = {
			isa = PBXTargetDependency;
			target = 514BBD0126B3E69A003F0117 /* MyFirstApp */;
			targetProxy = 514BBD1926B3E69C003F0117 /* PBXContainerItemProxy */;
		};
		514BBD2526B3E69D003F0117 /* PBXTargetDependency */ = {
			isa = PBXTargetDependency;
			target = 514BBD0126B3E69A003F0117 /* MyFirstApp */;
			targetProxy = 514BBD2426B3E69D003F0117 /* PBXContainerItemProxy */;
		};
/* End PBXTargetDependency section */

/* Begin PBXVariantGroup section */
		514BBD0B26B3E69A003F0117 /* Main.storyboard */ = {
			isa = PBXVariantGroup;
			children = (
				514BBD0C26B3E69A003F0117 /* Base */,
			);
			name = Main.storyboard;
			sourceTree = "<group>";
		};
		514BBD1026B3E69C003F0117 /* LaunchScreen.storyboard */ = {
			isa = PBXVariantGroup;
			children = (
				514BBD1126B3E69C003F0117 /* Base */,
			);
			name = LaunchScreen.storyboard;
			sourceTree = "<group>";
		};
/* End PBXVariantGroup section */

/* Begin XCBuildConfiguration section */
		514BBD2A26B3E69D003F0117 /* Debug */ = {
			isa = XCBuildConfiguration;
			buildSettings = {
				ALWAYS_SEARCH_USER_PATHS = NO;
				CLANG_ANALYZER_NONNULL = YES;
				CLANG_ANALYZER_NUMBER_OBJECT_CONVERSION = YES_AGGRESSIVE;
				CLANG_CXX_LANGUAGE_STANDARD = "gnu++14";
				CLANG_CXX_LIBRARY = "libc++";
				CLANG_ENABLE_MODULES = YES;
				CLANG_ENABLE_OBJC_ARC = YES;
				CLANG_ENABLE_OBJC_WEAK = YES;
				CLANG_WARN_BLOCK_CAPTURE_AUTORELEASING = YES;
				CLANG_WARN_BOOL_CONVERSION = YES;
				CLANG_WARN_COMMA = YES;
				CLANG_WARN_CONSTANT_CONVERSION = YES;
				CLANG_WARN_DEPRECATED_OBJC_IMPLEMENTATIONS = YES;
				CLANG_WARN_DIRECT_OBJC_ISA_USAGE = YES_ERROR;
				CLANG_WARN_DOCUMENTATION_COMMENTS = YES;
				CLANG_WARN_EMPTY_BODY = YES;
				CLANG_WARN_ENUM_CONVERSION = YES;
				CLANG_WARN_INFINITE_RECURSION = YES;
				CLANG_WARN_INT_CONVERSION = YES;
				CLANG_WARN_NON_LITERAL_NULL_CONVERSION = YES;
				CLANG_WARN_OBJC_IMPLICIT_RETAIN_SELF = YES;
				CLANG_WARN_OBJC_LITERAL_CONVERSION = YES;
				CLANG_WARN_OBJC_ROOT_CLASS = YES_ERROR;
				CLANG_WARN_QUOTED_INCLUDE_IN_FRAMEWORK_HEADER = YES;
				CLANG_WARN_RANGE_LOOP_ANALYSIS = YES;
				CLANG_WARN_STRICT_PROTOTYPES = YES;
				CLANG_WARN_SUSPICIOUS_MOVE = YES;
				CLANG_WARN_UNGUARDED_AVAILABILITY = YES_AGGRESSIVE;
				CLANG_WARN_UNREACHABLE_CODE = YES;
				CLANG_WARN__DUPLICATE_METHOD_MATCH = YES;
				COPY_PHASE_STRIP = NO;
				DEBUG_INFORMATION_FORMAT = dwarf;
				ENABLE_STRICT_OBJC_MSGSEND = YES;
				ENABLE_TESTABILITY = YES;
				GCC_C_LANGUAGE_STANDARD = gnu11;
				GCC_DYNAMIC_NO_PIC = NO;
				GCC_NO_COMMON_BLOCKS = YES;
				GCC_OPTIMIZATION_LEVEL = 0;
				GCC_PREPROCESSOR_DEFINITIONS = (
					"DEBUG=1",
					"$(inherited)",
				);
				GCC_WARN_64_TO_32_BIT_CONVERSION = YES;
				GCC_WARN_ABOUT_RETURN_TYPE = YES_ERROR;
				GCC_WARN_UNDECLARED_SELECTOR = YES;
				GCC_WARN_UNINITIALIZED_AUTOS = YES_AGGRESSIVE;
				GCC_WARN_UNUSED_FUNCTION = YES;
				GCC_WARN_UNUSED_VARIABLE = YES;
				IPHONEOS_DEPLOYMENT_TARGET = 14.5;
				MTL_ENABLE_DEBUG_INFO = INCLUDE_SOURCE;
				MTL_FAST_MATH = YES;
				ONLY_ACTIVE_ARCH = YES;
				SDKROOT = iphoneos;
				SWIFT_ACTIVE_COMPILATION_CONDITIONS = DEBUG;
				SWIFT_OPTIMIZATION_LEVEL = "-Onone";
			};
			name = Debug;
		};
		514BBD2B26B3E69D003F0117 /* Release */ = {
			isa = XCBuildConfiguration;
			buildSettings = {
				ALWAYS_SEARCH_USER_PATHS = NO;
				CLANG_ANALYZER_NONNULL = YES;
				CLANG_ANALYZER_NUMBER_OBJECT_CONVERSION = YES_AGGRESSIVE;
				CLANG_CXX_LANGUAGE_STANDARD = "gnu++14";
				CLANG_CXX_LIBRARY = "libc++";
				CLANG_ENABLE_MODULES = YES;
				CLANG_ENABLE_OBJC_ARC = YES;
				CLANG_ENABLE_OBJC_WEAK = YES;
				CLANG_WARN_BLOCK_CAPTURE_AUTORELEASING = YES;
				CLANG_WARN_BOOL_CONVERSION = YES;
				CLANG_WARN_COMMA = YES;
				CLANG_WARN_CONSTANT_CONVERSION = YES;
				CLANG_WARN_DEPRECATED_OBJC_IMPLEMENTATIONS = YES;
				CLANG_WARN_DIRECT_OBJC_ISA_USAGE = YES_ERROR;
				CLANG_WARN_DOCUMENTATION_COMMENTS = YES;
				CLANG_WARN_EMPTY_BODY = YES;
				CLANG_WARN_ENUM_CONVERSION = YES;
				CLANG_WARN_INFINITE_RECURSION = YES;
				CLANG_WARN_INT_CONVERSION = YES;
				CLANG_WARN_NON_LITERAL_NULL_CONVERSION = YES;
				CLANG_WARN_OBJC_IMPLICIT_RETAIN_SELF = YES;
				CLANG_WARN_OBJC_LITERAL_CONVERSION = YES;
				CLANG_WARN_OBJC_ROOT_CLASS = YES_ERROR;
				CLANG_WARN_QUOTED_INCLUDE_IN_FRAMEWORK_HEADER = YES;
				CLANG_WARN_RANGE_LOOP_ANALYSIS = YES;
				CLANG_WARN_STRICT_PROTOTYPES = YES;
				CLANG_WARN_SUSPICIOUS_MOVE = YES;
				CLANG_WARN_UNGUARDED_AVAILABILITY = YES_AGGRESSIVE;
				CLANG_WARN_UNREACHABLE_CODE = YES;
				CLANG_WARN__DUPLICATE_METHOD_MATCH = YES;
				COPY_PHASE_STRIP = NO;
				DEBUG_INFORMATION_FORMAT = "dwarf-with-dsym";
				ENABLE_NS_ASSERTIONS = NO;
				ENABLE_STRICT_OBJC_MSGSEND = YES;
				GCC_C_LANGUAGE_STANDARD = gnu11;
				GCC_NO_COMMON_BLOCKS = YES;
				GCC_WARN_64_TO_32_BIT_CONVERSION = YES;
				GCC_WARN_ABOUT_RETURN_TYPE = YES_ERROR;
				GCC_WARN_UNDECLARED_SELECTOR = YES;
				GCC_WARN_UNINITIALIZED_AUTOS = YES_AGGRESSIVE;
				GCC_WARN_UNUSED_FUNCTION = YES;
				GCC_WARN_UNUSED_VARIABLE = YES;
				IPHONEOS_DEPLOYMENT_TARGET = 14.5;
				MTL_ENABLE_DEBUG_INFO = NO;
				MTL_FAST_MATH = YES;
				SDKROOT = iphoneos;
				SWIFT_COMPILATION_MODE = wholemodule;
				SWIFT_OPTIMIZATION_LEVEL = "-O";
				VALIDATE_PRODUCT = YES;
			};
			name = Release;
		};
		514BBD2D26B3E69D003F0117 /* Debug */ = {
			isa = XCBuildConfiguration;
			buildSettings = {
				ASSETCATALOG_COMPILER_APPICON_NAME = AppIcon;
				ASSETCATALOG_COMPILER_GLOBAL_ACCENT_COLOR_NAME = AccentColor;
				CODE_SIGN_STYLE = Automatic;
				INFOPLIST_FILE = MyFirstApp/Info.plist;
				LD_RUNPATH_SEARCH_PATHS = (
					"$(inherited)",
					"@executable_path/Frameworks",
				);
				PRODUCT_BUNDLE_IDENTIFIER = mine.MyFirstApp;
				PRODUCT_NAME = "$(TARGET_NAME)";
				SWIFT_VERSION = 5.0;
				TARGETED_DEVICE_FAMILY = "1,2";
			};
			name = Debug;
		};
		514BBD2E26B3E69D003F0117 /* Release */ = {
			isa = XCBuildConfiguration;
			buildSettings = {
				ASSETCATALOG_COMPILER_APPICON_NAME = AppIcon;
				ASSETCATALOG_COMPILER_GLOBAL_ACCENT_COLOR_NAME = AccentColor;
				CODE_SIGN_STYLE = Automatic;
				INFOPLIST_FILE = MyFirstApp/Info.plist;
				LD_RUNPATH_SEARCH_PATHS = (
					"$(inherited)",
					"@executable_path/Frameworks",
				);
				PRODUCT_BUNDLE_IDENTIFIER = mine.MyFirstApp;
				PRODUCT_NAME = "$(TARGET_NAME)";
				SWIFT_VERSION = 5.0;
				TARGETED_DEVICE_FAMILY = "1,2";
			};
			name = Release;
		};
		514BBD3026B3E69D003F0117 /* Debug */ = {
			isa = XCBuildConfiguration;
			buildSettings = {
				ALWAYS_EMBED_SWIFT_STANDARD_LIBRARIES = YES;
				BUNDLE_LOADER = "$(TEST_HOST)";
				CODE_SIGN_STYLE = Automatic;
				INFOPLIST_FILE = MyFirstAppTests/Info.plist;
				IPHONEOS_DEPLOYMENT_TARGET = 14.5;
				LD_RUNPATH_SEARCH_PATHS = (
					"$(inherited)",
					"@executable_path/Frameworks",
					"@loader_path/Frameworks",
				);
				PRODUCT_BUNDLE_IDENTIFIER = mine.MyFirstAppTests;
				PRODUCT_NAME = "$(TARGET_NAME)";
				SWIFT_VERSION = 5.0;
				TARGETED_DEVICE_FAMILY = "1,2";
				TEST_HOST = "$(BUILT_PRODUCTS_DIR)/MyFirstApp.app/MyFirstApp";
			};
			name = Debug;
		};
		514BBD3126B3E69D003F0117 /* Release */ = {
			isa = XCBuildConfiguration;
			buildSettings = {
				ALWAYS_EMBED_SWIFT_STANDARD_LIBRARIES = YES;
				BUNDLE_LOADER = "$(TEST_HOST)";
				CODE_SIGN_STYLE = Automatic;
				INFOPLIST_FILE = MyFirstAppTests/Info.plist;
				IPHONEOS_DEPLOYMENT_TARGET = 14.5;
				LD_RUNPATH_SEARCH_PATHS = (
					"$(inherited)",
					"@executable_path/Frameworks",
					"@loader_path/Frameworks",
				);
				PRODUCT_BUNDLE_IDENTIFIER = mine.MyFirstAppTests;
				PRODUCT_NAME = "$(TARGET_NAME)";
				SWIFT_VERSION = 5.0;
				TARGETED_DEVICE_FAMILY = "1,2";
				TEST_HOST = "$(BUILT_PRODUCTS_DIR)/MyFirstApp.app/MyFirstApp";
			};
			name = Release;
		};
		514BBD3326B3E69D003F0117 /* Debug */ = {
			isa = XCBuildConfiguration;
			buildSettings = {
				ALWAYS_EMBED_SWIFT_STANDARD_LIBRARIES = YES;
				CODE_SIGN_STYLE = Automatic;
				INFOPLIST_FILE = MyFirstAppUITests/Info.plist;
				LD_RUNPATH_SEARCH_PATHS = (
					"$(inherited)",
					"@executable_path/Frameworks",
					"@loader_path/Frameworks",
				);
				PRODUCT_BUNDLE_IDENTIFIER = mine.MyFirstAppUITests;
				PRODUCT_NAME = "$(TARGET_NAME)";
				SWIFT_VERSION = 5.0;
				TARGETED_DEVICE_FAMILY = "1,2";
				TEST_TARGET_NAME = MyFirstApp;
			};
			name = Debug;
		};
		514BBD3426B3E69D003F0117 /* Release */ = {
			isa = XCBuildConfiguration;
			buildSettings = {
				ALWAYS_EMBED_SWIFT_STANDARD_LIBRARIES = YES;
				CODE_SIGN_STYLE = Automatic;
				INFOPLIST_FILE = MyFirstAppUITests/Info.plist;
				LD_RUNPATH_SEARCH_PATHS = (
					"$(inherited)",
					"@executable_path/Frameworks",
					"@loader_path/Frameworks",
				);
				PRODUCT_BUNDLE_IDENTIFIER = mine.MyFirstAppUITests;
				PRODUCT_NAME = "$(TARGET_NAME)";
				SWIFT_VERSION = 5.0;
				TARGETED_DEVICE_FAMILY = "1,2";
				TEST_TARGET_NAME = MyFirstApp;
			};
			name = Release;
		};
/* End XCBuildConfiguration section */

/* Begin XCConfigurationList section */
		514BBCFD26B3E69A003F0117 /* Build configuration list for PBXProject "MyFirstApp" */ = {
			isa = XCConfigurationList;
			buildConfigurations = (
				514BBD2A26B3E69D003F0117 /* Debug */,
				514BBD2B26B3E69D003F0117 /* Release */,
			);
			defaultConfigurationIsVisible = 0;
			defaultConfigurationName = Release;
		};
		514BBD2C26B3E69D003F0117 /* Build configuration list for PBXNativeTarget "MyFirstApp" */ = {
			isa = XCConfigurationList;
			buildConfigurations = (
				514BBD2D26B3E69D003F0117 /* Debug */,
				514BBD2E26B3E69D003F0117 /* Release */,
			);
			defaultConfigurationIsVisible = 0;
			defaultConfigurationName = Release;
		};
		514BBD2F26B3E69D003F0117 /* Build configuration list for PBXNativeTarget "MyFirstAppTests" */ = {
			isa = XCConfigurationList;
			buildConfigurations = (
				514BBD3026B3E69D003F0117 /* Debug */,
				514BBD3126B3E69D003F0117 /* Release */,
			);
			defaultConfigurationIsVisible = 0;
			defaultConfigurationName = Release;
		};
		514BBD3226B3E69D003F0117 /* Build configuration list for PBXNativeTarget "MyFirstAppUITests" */ = {
			isa = XCConfigurationList;
			buildConfigurations = (
				514BBD3326B3E69D003F0117 /* Debug */,
				514BBD3426B3E69D003F0117 /* Release */,
			);
			defaultConfigurationIsVisible = 0;
			defaultConfigurationName = Release;
		};
/* End XCConfigurationList section */
	};
	rootObject = 514BBCFA26B3E69A003F0117 /* Project object */;
}
